
Microsoft Visual Studio Solution File, Format Version 12.00
# Visual Studio Version 17
VisualStudioVersion = 17.5.002.0
MinimumVisualStudioVersion = 10.0.40219.1
Project("{2150E333-8FDC-42A3-9474-1A3956D46DE8}") = "csharp-prep", "csharp-prep", "{0D49C7F0-756B-4F3B-9700-98C15BFF955B}"
EndProject
Project("{9A19103F-16F7-4668-BE54-9A1E7A4F7556}") = "Prep1", "csharp-prep\Prep1\Prep1.csproj", "{F55F82FE-AF43-4DA0-9E92-B0B42D0763B6}"
EndProject
Project("{9A19103F-16F7-4668-BE54-9A1E7A4F7556}") = "Prep2", "csharp-prep\Prep2\Prep2.csproj", "{C5D44AFB-324A-4529-97FE-B216B42C1966}"
EndProject
Project("{9A19103F-16F7-4668-BE54-9A1E7A4F7556}") = "Prep3", "csharp-prep\Prep3\Prep3.csproj", "{9810C0D2-8953-44C3-BBA0-532F3851842E}"
EndProject
Project("{9A19103F-16F7-4668-BE54-9A1E7A4F7556}") = "Prep4", "csharp-prep\Prep4\Prep4.csproj", "{FECC9170-444A-4AD4-B4BE-9AEC12D04A90}"
EndProject
Project("{9A19103F-16F7-4668-BE54-9A1E7A4F7556}") = "Prep5", "csharp-prep\Prep5\Prep5.csproj", "{9CF39DAB-083D-49C3-81C9-E2FAF85860D9}"
EndProject
Project("{2150E333-8FDC-42A3-9474-1A3956D46DE8}") = "final", "final", "{F81AD262-52B8-41E6-8FA0-8A3D310C79CB}"
EndProject
Project("{9A19103F-16F7-4668-BE54-9A1E7A4F7556}") = "FinalProject", "final\FinalProject\FinalProject.csproj", "{CFE7D8DC-26CD-4829-9D09-05558EAA1039}"
EndProject
Project("{9A19103F-16F7-4668-BE54-9A1E7A4F7556}") = "Foundation1", "final\Foundation1\Foundation1.csproj", "{27F64271-779C-45BA-A844-5550D4F1251B}"
EndProject
Project("{9A19103F-16F7-4668-BE54-9A1E7A4F7556}") = "Foundation2", "final\Foundation2\Foundation2.csproj", "{C09EAEB0-2BB3-4839-BE23-DCF1C3BDAB1C}"
EndProject
Project("{9A19103F-16F7-4668-BE54-9A1E7A4F7556}") = "Foundation3", "final\Foundation3\Foundation3.csproj", "{D10EC56B-4E20-4DB9-9BE1-54C7937445B8}"
EndProject
Project("{9A19103F-16F7-4668-BE54-9A1E7A4F7556}") = "Foundation4", "final\Foundation4\Foundation4.csproj", "{1837FEBC-7719-4A58-8B3C-BF0853A6D4F2}"
EndProject
Project("{2150E333-8FDC-42A3-9474-1A3956D46DE8}") = "prepare", "prepare", "{190B5715-BBF7-408F-A1A9-197DA206064C}"
EndProject
Project("{9A19103F-16F7-4668-BE54-9A1E7A4F7556}") = "Learning02", "prepare\Learning02\Learning02.csproj", "{13982D58-EADD-4689-9DC0-94540D124751}"
EndProject
Project("{9A19103F-16F7-4668-BE54-9A1E7A4F7556}") = "Learning03", "prepare\Learning03\Learning03.csproj", "{6C8A86C7-4241-4117-8ADF-CADB20CB60A5}"
EndProject
Project("{9A19103F-16F7-4668-BE54-9A1E7A4F7556}") = "Learning04", "prepare\Learning04\Learning04.csproj", "{F2364C7F-933E-42F1-BBF0-990B70668AAD}"
EndProject
Project("{9A19103F-16F7-4668-BE54-9A1E7A4F7556}") = "Learning05", "prepare\Learning05\Learning05.csproj", "{56283708-9478-4D21-B6A4-2460706A523B}"
EndProject
Project("{2150E333-8FDC-42A3-9474-1A3956D46DE8}") = "prove", "prove", "{88494381-67DD-4559-A4E6-F54F0E7B9144}"
EndProject
Project("{9A19103F-16F7-4668-BE54-9A1E7A4F7556}") = "Develop02", "prove\Develop02\Develop02.csproj", "{B22D6B6D-ACB7-49B0-94FD-CB146A8FB535}"
EndProject
Project("{9A19103F-16F7-4668-BE54-9A1E7A4F7556}") = "Develop03", "prove\Develop03\Develop03.csproj", "{D40C5D33-A137-4665-941D-3A2760F9BDBA}"
EndProject
Project("{9A19103F-16F7-4668-BE54-9A1E7A4F7556}") = "Develop04", "prove\Develop04\Develop04.csproj", "{716C9871-B5DA-41FF-AC71-9C877BA8EECD}"
EndProject
Project("{9A19103F-16F7-4668-BE54-9A1E7A4F7556}") = "Develop05", "prove\Develop05\Develop05.csproj", "{9F58F29D-9F82-4F5F-9D52-73E081EDCF39}"
EndProject
Project("{2150E333-8FDC-42A3-9474-1A3956D46DE8}") = "sandbox", "sandbox", "{68B04A43-1381-46FB-A0C1-780111CA2B75}"
EndProject
Project("{9A19103F-16F7-4668-BE54-9A1E7A4F7556}") = "Sandbox", "sandbox\Sandbox\Sandbox.csproj", "{152CE1A0-8A98-452A-837C-054C3D7149AF}"
EndProject
Global
	GlobalSection(SolutionConfigurationPlatforms) = preSolution
		Debug|Any CPU = Debug|Any CPU
		Release|Any CPU = Release|Any CPU
	EndGlobalSection
	GlobalSection(ProjectConfigurationPlatforms) = postSolution
		{F55F82FE-AF43-4DA0-9E92-B0B42D0763B6}.Debug|Any CPU.ActiveCfg = Debug|Any CPU
		{F55F82FE-AF43-4DA0-9E92-B0B42D0763B6}.Debug|Any CPU.Build.0 = Debug|Any CPU
		{F55F82FE-AF43-4DA0-9E92-B0B42D0763B6}.Release|Any CPU.ActiveCfg = Release|Any CPU
		{F55F82FE-AF43-4DA0-9E92-B0B42D0763B6}.Release|Any CPU.Build.0 = Release|Any CPU
		{C5D44AFB-324A-4529-97FE-B216B42C1966}.Debug|Any CPU.ActiveCfg = Debug|Any CPU
		{C5D44AFB-324A-4529-97FE-B216B42C1966}.Debug|Any CPU.Build.0 = Debug|Any CPU
		{C5D44AFB-324A-4529-97FE-B216B42C1966}.Release|Any CPU.ActiveCfg = Release|Any CPU
		{C5D44AFB-324A-4529-97FE-B216B42C1966}.Release|Any CPU.Build.0 = Release|Any CPU
		{9810C0D2-8953-44C3-BBA0-532F3851842E}.Debug|Any CPU.ActiveCfg = Debug|Any CPU
		{9810C0D2-8953-44C3-BBA0-532F3851842E}.Debug|Any CPU.Build.0 = Debug|Any CPU
		{9810C0D2-8953-44C3-BBA0-532F3851842E}.Release|Any CPU.ActiveCfg = Release|Any CPU
		{9810C0D2-8953-44C3-BBA0-532F3851842E}.Release|Any CPU.Build.0 = Release|Any CPU
		{FECC9170-444A-4AD4-B4BE-9AEC12D04A90}.Debug|Any CPU.ActiveCfg = Debug|Any CPU
		{FECC9170-444A-4AD4-B4BE-9AEC12D04A90}.Debug|Any CPU.Build.0 = Debug|Any CPU
		{FECC9170-444A-4AD4-B4BE-9AEC12D04A90}.Release|Any CPU.ActiveCfg = Release|Any CPU
		{FECC9170-444A-4AD4-B4BE-9AEC12D04A90}.Release|Any CPU.Build.0 = Release|Any CPU
		{9CF39DAB-083D-49C3-81C9-E2FAF85860D9}.Debug|Any CPU.ActiveCfg = Debug|Any CPU
		{9CF39DAB-083D-49C3-81C9-E2FAF85860D9}.Debug|Any CPU.Build.0 = Debug|Any CPU
		{9CF39DAB-083D-49C3-81C9-E2FAF85860D9}.Release|Any CPU.ActiveCfg = Release|Any CPU
		{9CF39DAB-083D-49C3-81C9-E2FAF85860D9}.Release|Any CPU.Build.0 = Release|Any CPU
		{CFE7D8DC-26CD-4829-9D09-05558EAA1039}.Debug|Any CPU.ActiveCfg = Debug|Any CPU
		{CFE7D8DC-26CD-4829-9D09-05558EAA1039}.Debug|Any CPU.Build.0 = Debug|Any CPU
		{CFE7D8DC-26CD-4829-9D09-05558EAA1039}.Release|Any CPU.ActiveCfg = Release|Any CPU
		{CFE7D8DC-26CD-4829-9D09-05558EAA1039}.Release|Any CPU.Build.0 = Release|Any CPU
		{27F64271-779C-45BA-A844-5550D4F1251B}.Debug|Any CPU.ActiveCfg = Debug|Any CPU
		{27F64271-779C-45BA-A844-5550D4F1251B}.Debug|Any CPU.Build.0 = Debug|Any CPU
		{27F64271-779C-45BA-A844-5550D4F1251B}.Release|Any CPU.ActiveCfg = Release|Any CPU
		{27F64271-779C-45BA-A844-5550D4F1251B}.Release|Any CPU.Build.0 = Release|Any CPU
		{C09EAEB0-2BB3-4839-BE23-DCF1C3BDAB1C}.Debug|Any CPU.ActiveCfg = Debug|Any CPU
		{C09EAEB0-2BB3-4839-BE23-DCF1C3BDAB1C}.Debug|Any CPU.Build.0 = Debug|Any CPU
		{C09EAEB0-2BB3-4839-BE23-DCF1C3BDAB1C}.Release|Any CPU.ActiveCfg = Release|Any CPU
		{C09EAEB0-2BB3-4839-BE23-DCF1C3BDAB1C}.Release|Any CPU.Build.0 = Release|Any CPU
		{D10EC56B-4E20-4DB9-9BE1-54C7937445B8}.Debug|Any CPU.ActiveCfg = Debug|Any CPU
		{D10EC56B-4E20-4DB9-9BE1-54C7937445B8}.Debug|Any CPU.Build.0 = Debug|Any CPU
		{D10EC56B-4E20-4DB9-9BE1-54C7937445B8}.Release|Any CPU.ActiveCfg = Release|Any CPU
		{D10EC56B-4E20-4DB9-9BE1-54C7937445B8}.Release|Any CPU.Build.0 = Release|Any CPU
		{1837FEBC-7719-4A58-8B3C-BF0853A6D4F2}.Debug|Any CPU.ActiveCfg = Debug|Any CPU
		{1837FEBC-7719-4A58-8B3C-BF0853A6D4F2}.Debug|Any CPU.Build.0 = Debug|Any CPU
		{1837FEBC-7719-4A58-8B3C-BF0853A6D4F2}.Release|Any CPU.ActiveCfg = Release|Any CPU
		{1837FEBC-7719-4A58-8B3C-BF0853A6D4F2}.Release|Any CPU.Build.0 = Release|Any CPU
		{13982D58-EADD-4689-9DC0-94540D124751}.Debug|Any CPU.ActiveCfg = Debug|Any CPU
		{13982D58-EADD-4689-9DC0-94540D124751}.Debug|Any CPU.Build.0 = Debug|Any CPU
		{13982D58-EADD-4689-9DC0-94540D124751}.Release|Any CPU.ActiveCfg = Release|Any CPU
		{13982D58-EADD-4689-9DC0-94540D124751}.Release|Any CPU.Build.0 = Release|Any CPU
		{6C8A86C7-4241-4117-8ADF-CADB20CB60A5}.Debug|Any CPU.ActiveCfg = Debug|Any CPU
		{6C8A86C7-4241-4117-8ADF-CADB20CB60A5}.Debug|Any CPU.Build.0 = Debug|Any CPU
		{6C8A86C7-4241-4117-8ADF-CADB20CB60A5}.Release|Any CPU.ActiveCfg = Release|Any CPU
		{6C8A86C7-4241-4117-8ADF-CADB20CB60A5}.Release|Any CPU.Build.0 = Release|Any CPU
		{F2364C7F-933E-42F1-BBF0-990B70668AAD}.Debug|Any CPU.ActiveCfg = Debug|Any CPU
		{F2364C7F-933E-42F1-BBF0-990B70668AAD}.Debug|Any CPU.Build.0 = Debug|Any CPU
		{F2364C7F-933E-42F1-BBF0-990B70668AAD}.Release|Any CPU.ActiveCfg = Release|Any CPU
		{F2364C7F-933E-42F1-BBF0-990B70668AAD}.Release|Any CPU.Build.0 = Release|Any CPU
		{56283708-9478-4D21-B6A4-2460706A523B}.Debug|Any CPU.ActiveCfg = Debug|Any CPU
		{56283708-9478-4D21-B6A4-2460706A523B}.Debug|Any CPU.Build.0 = Debug|Any CPU
		{56283708-9478-4D21-B6A4-2460706A523B}.Release|Any CPU.ActiveCfg = Release|Any CPU
		{56283708-9478-4D21-B6A4-2460706A523B}.Release|Any CPU.Build.0 = Release|Any CPU
		{B22D6B6D-ACB7-49B0-94FD-CB146A8FB535}.Debug|Any CPU.ActiveCfg = Debug|Any CPU
		{B22D6B6D-ACB7-49B0-94FD-CB146A8FB535}.Debug|Any CPU.Build.0 = Debug|Any CPU
		{B22D6B6D-ACB7-49B0-94FD-CB146A8FB535}.Release|Any CPU.ActiveCfg = Release|Any CPU
		{B22D6B6D-ACB7-49B0-94FD-CB146A8FB535}.Release|Any CPU.Build.0 = Release|Any CPU
		{D40C5D33-A137-4665-941D-3A2760F9BDBA}.Debug|Any CPU.ActiveCfg = Debug|Any CPU
		{D40C5D33-A137-4665-941D-3A2760F9BDBA}.Debug|Any CPU.Build.0 = Debug|Any CPU
		{D40C5D33-A137-4665-941D-3A2760F9BDBA}.Release|Any CPU.ActiveCfg = Release|Any CPU
		{D40C5D33-A137-4665-941D-3A2760F9BDBA}.Release|Any CPU.Build.0 = Release|Any CPU
		{716C9871-B5DA-41FF-AC71-9C877BA8EECD}.Debug|Any CPU.ActiveCfg = Debug|Any CPU
		{716C9871-B5DA-41FF-AC71-9C877BA8EECD}.Debug|Any CPU.Build.0 = Debug|Any CPU
		{716C9871-B5DA-41FF-AC71-9C877BA8EECD}.Release|Any CPU.ActiveCfg = Release|Any CPU
		{716C9871-B5DA-41FF-AC71-9C877BA8EECD}.Release|Any CPU.Build.0 = Release|Any CPU
		{9F58F29D-9F82-4F5F-9D52-73E081EDCF39}.Debug|Any CPU.ActiveCfg = Debug|Any CPU
		{9F58F29D-9F82-4F5F-9D52-73E081EDCF39}.Debug|Any CPU.Build.0 = Debug|Any CPU
		{9F58F29D-9F82-4F5F-9D52-73E081EDCF39}.Release|Any CPU.ActiveCfg = Release|Any CPU
		{9F58F29D-9F82-4F5F-9D52-73E081EDCF39}.Release|Any CPU.Build.0 = Release|Any CPU
		{152CE1A0-8A98-452A-837C-054C3D7149AF}.Debug|Any CPU.ActiveCfg = Debug|Any CPU
		{152CE1A0-8A98-452A-837C-054C3D7149AF}.Debug|Any CPU.Build.0 = Debug|Any CPU
		{152CE1A0-8A98-452A-837C-054C3D7149AF}.Release|Any CPU.ActiveCfg = Release|Any CPU
		{152CE1A0-8A98-452A-837C-054C3D7149AF}.Release|Any CPU.Build.0 = Release|Any CPU
	EndGlobalSection
	GlobalSection(SolutionProperties) = preSolution
		HideSolutionNode = FALSE
	EndGlobalSection
	GlobalSection(NestedProjects) = preSolution
		{F55F82FE-AF43-4DA0-9E92-B0B42D0763B6} = {0D49C7F0-756B-4F3B-9700-98C15BFF955B}
		{C5D44AFB-324A-4529-97FE-B216B42C1966} = {0D49C7F0-756B-4F3B-9700-98C15BFF955B}
		{9810C0D2-8953-44C3-BBA0-532F3851842E} = {0D49C7F0-756B-4F3B-9700-98C15BFF955B}
		{FECC9170-444A-4AD4-B4BE-9AEC12D04A90} = {0D49C7F0-756B-4F3B-9700-98C15BFF955B}
		{9CF39DAB-083D-49C3-81C9-E2FAF85860D9} = {0D49C7F0-756B-4F3B-9700-98C15BFF955B}
		{CFE7D8DC-26CD-4829-9D09-05558EAA1039} = {F81AD262-52B8-41E6-8FA0-8A3D310C79CB}
		{27F64271-779C-45BA-A844-5550D4F1251B} = {F81AD262-52B8-41E6-8FA0-8A3D310C79CB}
		{C09EAEB0-2BB3-4839-BE23-DCF1C3BDAB1C} = {F81AD262-52B8-41E6-8FA0-8A3D310C79CB}
		{D10EC56B-4E20-4DB9-9BE1-54C7937445B8} = {F81AD262-52B8-41E6-8FA0-8A3D310C79CB}
		{1837FEBC-7719-4A58-8B3C-BF0853A6D4F2} = {F81AD262-52B8-41E6-8FA0-8A3D310C79CB}
		{13982D58-EADD-4689-9DC0-94540D124751} = {190B5715-BBF7-408F-A1A9-197DA206064C}
		{6C8A86C7-4241-4117-8ADF-CADB20CB60A5} = {190B5715-BBF7-408F-A1A9-197DA206064C}
		{F2364C7F-933E-42F1-BBF0-990B70668AAD} = {190B5715-BBF7-408F-A1A9-197DA206064C}
		{56283708-9478-4D21-B6A4-2460706A523B} = {190B5715-BBF7-408F-A1A9-197DA206064C}
		{B22D6B6D-ACB7-49B0-94FD-CB146A8FB535} = {88494381-67DD-4559-A4E6-F54F0E7B9144}
		{D40C5D33-A137-4665-941D-3A2760F9BDBA} = {88494381-67DD-4559-A4E6-F54F0E7B9144}
		{716C9871-B5DA-41FF-AC71-9C877BA8EECD} = {88494381-67DD-4559-A4E6-F54F0E7B9144}
		{9F58F29D-9F82-4F5F-9D52-73E081EDCF39} = {88494381-67DD-4559-A4E6-F54F0E7B9144}
		{152CE1A0-8A98-452A-837C-054C3D7149AF} = {68B04A43-1381-46FB-A0C1-780111CA2B75}
	EndGlobalSection
	GlobalSection(ExtensibilityGlobals) = postSolution
		SolutionGuid = {AA41103F-9950-4D67-9CB0-2D56394B8AE1}
	EndGlobalSection
EndGlobal
